
Microsoft Visual Studio Solution File, Format Version 12.00
# Visual Studio Version 16
VisualStudioVersion = 16.0.30330.147
MinimumVisualStudioVersion = 10.0.40219.1
Project("{FAE04EC0-301F-11D3-BF4B-00C04F79EFBC}") = "CSVMergerCore", "CSVMergerCore\CSVMergerCore.csproj", "{CD415B43-00D8-4499-902B-CF6B3CCFF438}"
EndProject
Project("{FAE04EC0-301F-11D3-BF4B-00C04F79EFBC}") = "Logger", "Logger\Logger.csproj", "{26A29842-D109-497E-BE9A-2DB888B2FB90}"
EndProject
Project("{FAE04EC0-301F-11D3-BF4B-00C04F79EFBC}") = "PDFToDJVU", "PDFToDJVU\PDFToDJVU.csproj", "{3DA360C6-6CEB-4A1D-9014-B3F9EC975A26}"
EndProject
Project("{FAE04EC0-301F-11D3-BF4B-00C04F79EFBC}") = "DVJUCSVConverterService", "DVJUCSVConverterService\DVJUCSVConverterService.csproj", "{B4193ECA-C51F-4BB9-83F1-428FEB78C941}"
EndProject
Global
	GlobalSection(SolutionConfigurationPlatforms) = preSolution
		Debug|Any CPU = Debug|Any CPU
		MyRelease|Any CPU = MyRelease|Any CPU
		Release|Any CPU = Release|Any CPU
	EndGlobalSection
	GlobalSection(ProjectConfigurationPlatforms) = postSolution
		{CD415B43-00D8-4499-902B-CF6B3CCFF438}.Debug|Any CPU.ActiveCfg = Debug|Any CPU
		{CD415B43-00D8-4499-902B-CF6B3CCFF438}.Debug|Any CPU.Build.0 = Debug|Any CPU
		{CD415B43-00D8-4499-902B-CF6B3CCFF438}.MyRelease|Any CPU.ActiveCfg = MyRelease|Any CPU
		{CD415B43-00D8-4499-902B-CF6B3CCFF438}.MyRelease|Any CPU.Build.0 = MyRelease|Any CPU
		{CD415B43-00D8-4499-902B-CF6B3CCFF438}.Release|Any CPU.ActiveCfg = Release|Any CPU
		{CD415B43-00D8-4499-902B-CF6B3CCFF438}.Release|Any CPU.Build.0 = Release|Any CPU
		{26A29842-D109-497E-BE9A-2DB888B2FB90}.Debug|Any CPU.ActiveCfg = Debug|Any CPU
		{26A29842-D109-497E-BE9A-2DB888B2FB90}.Debug|Any CPU.Build.0 = Debug|Any CPU
		{26A29842-D109-497E-BE9A-2DB888B2FB90}.MyRelease|Any CPU.ActiveCfg = MyRelease|Any CPU
		{26A29842-D109-497E-BE9A-2DB888B2FB90}.MyRelease|Any CPU.Build.0 = MyRelease|Any CPU
		{26A29842-D109-497E-BE9A-2DB888B2FB90}.Release|Any CPU.ActiveCfg = Release|Any CPU
		{26A29842-D109-497E-BE9A-2DB888B2FB90}.Release|Any CPU.Build.0 = Release|Any CPU
		{3DA360C6-6CEB-4A1D-9014-B3F9EC975A26}.Debug|Any CPU.ActiveCfg = Debug|Any CPU
		{3DA360C6-6CEB-4A1D-9014-B3F9EC975A26}.Debug|Any CPU.Build.0 = Debug|Any CPU
		{3DA360C6-6CEB-4A1D-9014-B3F9EC975A26}.MyRelease|Any CPU.ActiveCfg = MyRelease|Any CPU
		{3DA360C6-6CEB-4A1D-9014-B3F9EC975A26}.MyRelease|Any CPU.Build.0 = MyRelease|Any CPU
		{3DA360C6-6CEB-4A1D-9014-B3F9EC975A26}.Release|Any CPU.ActiveCfg = Release|Any CPU
		{3DA360C6-6CEB-4A1D-9014-B3F9EC975A26}.Release|Any CPU.Build.0 = Release|Any CPU
		{B4193ECA-C51F-4BB9-83F1-428FEB78C941}.Debug|Any CPU.ActiveCfg = Debug|Any CPU
		{B4193ECA-C51F-4BB9-83F1-428FEB78C941}.Debug|Any CPU.Build.0 = Debug|Any CPU
		{B4193ECA-C51F-4BB9-83F1-428FEB78C941}.MyRelease|Any CPU.ActiveCfg = MyRelease|Any CPU
		{B4193ECA-C51F-4BB9-83F1-428FEB78C941}.MyRelease|Any CPU.Build.0 = MyRelease|Any CPU
		{B4193ECA-C51F-4BB9-83F1-428FEB78C941}.Release|Any CPU.ActiveCfg = Release|Any CPU
		{B4193ECA-C51F-4BB9-83F1-428FEB78C941}.Release|Any CPU.Build.0 = Release|Any CPU
	EndGlobalSection
	GlobalSection(SolutionProperties) = preSolution
		HideSolutionNode = FALSE
	EndGlobalSection
	GlobalSection(ExtensibilityGlobals) = postSolution
		SolutionGuid = {79735525-CD3E-4619-ABBB-26173121F15A}
	EndGlobalSection
EndGlobal
