
Microsoft Visual Studio Solution File, Format Version 12.00
# Visual Studio Version 16
VisualStudioVersion = 16.0.30330.147
MinimumVisualStudioVersion = 10.0.40219.1
Project("{9A19103F-16F7-4668-BE54-9A1E7A4F7556}") = "CSVMerger", "CSVMerger\CSVMerger.csproj", "{766B6CD3-3A7E-4F34-B0E5-138F208EF0D3}"
EndProject
Global
	GlobalSection(SolutionConfigurationPlatforms) = preSolution
		Debug|Any CPU = Debug|Any CPU
		Release|Any CPU = Release|Any CPU
	EndGlobalSection
	GlobalSection(ProjectConfigurationPlatforms) = postSolution
		{766B6CD3-3A7E-4F34-B0E5-138F208EF0D3}.Debug|Any CPU.ActiveCfg = Debug|Any CPU
		{766B6CD3-3A7E-4F34-B0E5-138F208EF0D3}.Debug|Any CPU.Build.0 = Debug|Any CPU
		{766B6CD3-3A7E-4F34-B0E5-138F208EF0D3}.Release|Any CPU.ActiveCfg = Release|Any CPU
		{766B6CD3-3A7E-4F34-B0E5-138F208EF0D3}.Release|Any CPU.Build.0 = Release|Any CPU
	EndGlobalSection
	GlobalSection(SolutionProperties) = preSolution
		HideSolutionNode = FALSE
	EndGlobalSection
	GlobalSection(ExtensibilityGlobals) = postSolution
		SolutionGuid = {79735525-CD3E-4619-ABBB-26173121F15A}
	EndGlobalSection
EndGlobal
